
Microsoft Visual Studio Solution File, Format Version 12.00
# Visual Studio 14
VisualStudioVersion = 14.0.25420.1
MinimumVisualStudioVersion = 10.0.40219.1
Project("{FAE04EC0-301F-11D3-BF4B-00C04F79EFBC}") = "ESD.JC_Main", "ESD.JC_Main\ESD.JC_Main.csproj", "{3FFE6A20-7AB9-4ED2-A954-938CAF2249DC}"
EndProject
Project("{FAE04EC0-301F-11D3-BF4B-00C04F79EFBC}") = "DataLayer", "DataLayer\DataLayer.csproj", "{833691BF-1FAF-402E-8230-D883BA77D682}"
EndProject
Project("{FAE04EC0-301F-11D3-BF4B-00C04F79EFBC}") = "ESD.JC_RoleMgmt", "ESD.JC_RoleMgmt\ESD.JC_RoleMgmt.csproj", "{AAA5321E-3854-4E6D-9A83-B1A572A3FA96}"
EndProject
Project("{FAE04EC0-301F-11D3-BF4B-00C04F79EFBC}") = "ESD.JC_Infrastructure", "ESD.JC_Infrastructure\ESD.JC_Infrastructure.csproj", "{3FFE8EC2-5990-4664-9F45-14C469255859}"
EndProject
Project("{FAE04EC0-301F-11D3-BF4B-00C04F79EFBC}") = "ESD.JC_UserMgmt", "ESD.JC_UserMgmt\ESD.JC_UserMgmt.csproj", "{870CC266-FAFA-4CEC-8F46-E73FCD7480DB}"
EndProject
Project("{FAE04EC0-301F-11D3-BF4B-00C04F79EFBC}") = "ESD.JC_GoodsReceive", "ESD.JC_GoodsReceive\ESD.JC_GoodsReceive.csproj", "{A3F089B9-8B24-4952-8C9C-0500AEA8CC83}"
EndProject
Project("{FAE04EC0-301F-11D3-BF4B-00C04F79EFBC}") = "ESD.JC_ReasonMgmt", "ESD.JC_ReasonMgmt\ESD.JC_ReasonMgmt.csproj", "{C32F7C1D-978A-4AC9-A64A-BFFF64640C94}"
EndProject
Project("{FAE04EC0-301F-11D3-BF4B-00C04F79EFBC}") = "ESD.JC_LabelPrinting", "ESD.JC_LabelPrinting\ESD.JC_LabelPrinting.csproj", "{DB314DA4-E8A5-4977-B203-83C57BFD52AD}"
EndProject
Project("{FAE04EC0-301F-11D3-BF4B-00C04F79EFBC}") = "ESD.JC_GoodsIssue", "ESD.JC_GoodsIssue\ESD.JC_GoodsIssue.csproj", "{87CC36B0-8A7D-46BE-9AB0-33173C8B0CD6}"
EndProject
Project("{FAE04EC0-301F-11D3-BF4B-00C04F79EFBC}") = "ESD.JC_FinishGoods", "ESD.JC_FinishGoods\ESD.JC_FinishGoods.csproj", "{EEF922A3-AB67-45BE-ADC1-59CA84613199}"
EndProject
Project("{FAE04EC0-301F-11D3-BF4B-00C04F79EFBC}") = "ESD.JC_CountryMgmt", "ESD.JC_CountryMgmt\ESD.JC_CountryMgmt.csproj", "{B3A1CE47-EE61-4987-809A-808CBCA46B64}"
EndProject
Project("{FAE04EC0-301F-11D3-BF4B-00C04F79EFBC}") = "ESD.JC_LocationMgmt", "ESD.JC_LocationMgmt\ESD.JC_LocationMgmt.csproj", "{99739F78-AA18-414B-91ED-E20893CE18FD}"
EndProject
Project("{FAE04EC0-301F-11D3-BF4B-00C04F79EFBC}") = "Timer", "Timer\Timer.csproj", "{AE133BFC-D008-4452-8D54-70EBA42D584E}"
EndProject
Project("{54435603-DBB4-11D2-8724-00A0C9A8B90C}") = "ESD.JC_Installer", "ESD.JC_Installer\ESD.JC_Installer.vdproj", "{EEF4431A-A86F-44CB-B7C1-4FFF1AA3EF99}"
EndProject
Global
	GlobalSection(SolutionConfigurationPlatforms) = preSolution
		Debug|Any CPU = Debug|Any CPU
		Release|Any CPU = Release|Any CPU
	EndGlobalSection
	GlobalSection(ProjectConfigurationPlatforms) = postSolution
		{3FFE6A20-7AB9-4ED2-A954-938CAF2249DC}.Debug|Any CPU.ActiveCfg = Debug|Any CPU
		{3FFE6A20-7AB9-4ED2-A954-938CAF2249DC}.Debug|Any CPU.Build.0 = Debug|Any CPU
		{3FFE6A20-7AB9-4ED2-A954-938CAF2249DC}.Release|Any CPU.ActiveCfg = Release|Any CPU
		{3FFE6A20-7AB9-4ED2-A954-938CAF2249DC}.Release|Any CPU.Build.0 = Release|Any CPU
		{833691BF-1FAF-402E-8230-D883BA77D682}.Debug|Any CPU.ActiveCfg = Debug|Any CPU
		{833691BF-1FAF-402E-8230-D883BA77D682}.Debug|Any CPU.Build.0 = Debug|Any CPU
		{833691BF-1FAF-402E-8230-D883BA77D682}.Release|Any CPU.ActiveCfg = Release|Any CPU
		{833691BF-1FAF-402E-8230-D883BA77D682}.Release|Any CPU.Build.0 = Release|Any CPU
		{AAA5321E-3854-4E6D-9A83-B1A572A3FA96}.Debug|Any CPU.ActiveCfg = Debug|Any CPU
		{AAA5321E-3854-4E6D-9A83-B1A572A3FA96}.Debug|Any CPU.Build.0 = Debug|Any CPU
		{AAA5321E-3854-4E6D-9A83-B1A572A3FA96}.Release|Any CPU.ActiveCfg = Release|Any CPU
		{AAA5321E-3854-4E6D-9A83-B1A572A3FA96}.Release|Any CPU.Build.0 = Release|Any CPU
		{3FFE8EC2-5990-4664-9F45-14C469255859}.Debug|Any CPU.ActiveCfg = Debug|Any CPU
		{3FFE8EC2-5990-4664-9F45-14C469255859}.Debug|Any CPU.Build.0 = Debug|Any CPU
		{3FFE8EC2-5990-4664-9F45-14C469255859}.Release|Any CPU.ActiveCfg = Release|Any CPU
		{3FFE8EC2-5990-4664-9F45-14C469255859}.Release|Any CPU.Build.0 = Release|Any CPU
		{870CC266-FAFA-4CEC-8F46-E73FCD7480DB}.Debug|Any CPU.ActiveCfg = Debug|Any CPU
		{870CC266-FAFA-4CEC-8F46-E73FCD7480DB}.Debug|Any CPU.Build.0 = Debug|Any CPU
		{870CC266-FAFA-4CEC-8F46-E73FCD7480DB}.Release|Any CPU.ActiveCfg = Release|Any CPU
		{870CC266-FAFA-4CEC-8F46-E73FCD7480DB}.Release|Any CPU.Build.0 = Release|Any CPU
		{A3F089B9-8B24-4952-8C9C-0500AEA8CC83}.Debug|Any CPU.ActiveCfg = Debug|Any CPU
		{A3F089B9-8B24-4952-8C9C-0500AEA8CC83}.Debug|Any CPU.Build.0 = Debug|Any CPU
		{A3F089B9-8B24-4952-8C9C-0500AEA8CC83}.Release|Any CPU.ActiveCfg = Release|Any CPU
		{A3F089B9-8B24-4952-8C9C-0500AEA8CC83}.Release|Any CPU.Build.0 = Release|Any CPU
		{C32F7C1D-978A-4AC9-A64A-BFFF64640C94}.Debug|Any CPU.ActiveCfg = Debug|Any CPU
		{C32F7C1D-978A-4AC9-A64A-BFFF64640C94}.Debug|Any CPU.Build.0 = Debug|Any CPU
		{C32F7C1D-978A-4AC9-A64A-BFFF64640C94}.Release|Any CPU.ActiveCfg = Release|Any CPU
		{C32F7C1D-978A-4AC9-A64A-BFFF64640C94}.Release|Any CPU.Build.0 = Release|Any CPU
		{DB314DA4-E8A5-4977-B203-83C57BFD52AD}.Debug|Any CPU.ActiveCfg = Debug|Any CPU
		{DB314DA4-E8A5-4977-B203-83C57BFD52AD}.Debug|Any CPU.Build.0 = Debug|Any CPU
		{DB314DA4-E8A5-4977-B203-83C57BFD52AD}.Release|Any CPU.ActiveCfg = Release|Any CPU
		{DB314DA4-E8A5-4977-B203-83C57BFD52AD}.Release|Any CPU.Build.0 = Release|Any CPU
		{87CC36B0-8A7D-46BE-9AB0-33173C8B0CD6}.Debug|Any CPU.ActiveCfg = Debug|Any CPU
		{87CC36B0-8A7D-46BE-9AB0-33173C8B0CD6}.Debug|Any CPU.Build.0 = Debug|Any CPU
		{87CC36B0-8A7D-46BE-9AB0-33173C8B0CD6}.Release|Any CPU.ActiveCfg = Release|Any CPU
		{87CC36B0-8A7D-46BE-9AB0-33173C8B0CD6}.Release|Any CPU.Build.0 = Release|Any CPU
		{EEF922A3-AB67-45BE-ADC1-59CA84613199}.Debug|Any CPU.ActiveCfg = Debug|Any CPU
		{EEF922A3-AB67-45BE-ADC1-59CA84613199}.Debug|Any CPU.Build.0 = Debug|Any CPU
		{EEF922A3-AB67-45BE-ADC1-59CA84613199}.Release|Any CPU.ActiveCfg = Release|Any CPU
		{EEF922A3-AB67-45BE-ADC1-59CA84613199}.Release|Any CPU.Build.0 = Release|Any CPU
		{B3A1CE47-EE61-4987-809A-808CBCA46B64}.Debug|Any CPU.ActiveCfg = Debug|Any CPU
		{B3A1CE47-EE61-4987-809A-808CBCA46B64}.Debug|Any CPU.Build.0 = Debug|Any CPU
		{B3A1CE47-EE61-4987-809A-808CBCA46B64}.Release|Any CPU.ActiveCfg = Release|Any CPU
		{B3A1CE47-EE61-4987-809A-808CBCA46B64}.Release|Any CPU.Build.0 = Release|Any CPU
		{99739F78-AA18-414B-91ED-E20893CE18FD}.Debug|Any CPU.ActiveCfg = Debug|Any CPU
		{99739F78-AA18-414B-91ED-E20893CE18FD}.Debug|Any CPU.Build.0 = Debug|Any CPU
		{99739F78-AA18-414B-91ED-E20893CE18FD}.Release|Any CPU.ActiveCfg = Release|Any CPU
		{99739F78-AA18-414B-91ED-E20893CE18FD}.Release|Any CPU.Build.0 = Release|Any CPU
		{AE133BFC-D008-4452-8D54-70EBA42D584E}.Debug|Any CPU.ActiveCfg = Debug|Any CPU
		{AE133BFC-D008-4452-8D54-70EBA42D584E}.Debug|Any CPU.Build.0 = Debug|Any CPU
		{AE133BFC-D008-4452-8D54-70EBA42D584E}.Release|Any CPU.ActiveCfg = Release|Any CPU
		{AE133BFC-D008-4452-8D54-70EBA42D584E}.Release|Any CPU.Build.0 = Release|Any CPU
		{EEF4431A-A86F-44CB-B7C1-4FFF1AA3EF99}.Debug|Any CPU.ActiveCfg = Debug
		{EEF4431A-A86F-44CB-B7C1-4FFF1AA3EF99}.Release|Any CPU.ActiveCfg = Release
	EndGlobalSection
	GlobalSection(SolutionProperties) = preSolution
		HideSolutionNode = FALSE
	EndGlobalSection
EndGlobal
