
Microsoft Visual Studio Solution File, Format Version 10.00
# Visual Studio 2008
Project("{FAE04EC0-301F-11D3-BF4B-00C04F79EFBC}") = "ESD.WITS", "ESD.WITS\ESD.WITS.csproj", "{86D66C0C-0353-43D4-868E-3AD7E85D6380}"
EndProject
Project("{B900F1C2-3D47-4FEC-85B3-04AAF18C3634}") = "WITS", "WITS\WITS.vddproj", "{EF1D3E70-1786-4EF7-9737-A91F0F29ECAB}"
EndProject
Global
	GlobalSection(SolutionConfigurationPlatforms) = preSolution
		Debug|Any CPU = Debug|Any CPU
		Release|Any CPU = Release|Any CPU
	EndGlobalSection
	GlobalSection(ProjectConfigurationPlatforms) = postSolution
		{86D66C0C-0353-43D4-868E-3AD7E85D6380}.Debug|Any CPU.ActiveCfg = Debug|Any CPU
		{86D66C0C-0353-43D4-868E-3AD7E85D6380}.Debug|Any CPU.Build.0 = Debug|Any CPU
		{86D66C0C-0353-43D4-868E-3AD7E85D6380}.Debug|Any CPU.Deploy.0 = Debug|Any CPU
		{86D66C0C-0353-43D4-868E-3AD7E85D6380}.Release|Any CPU.ActiveCfg = Release|Any CPU
		{86D66C0C-0353-43D4-868E-3AD7E85D6380}.Release|Any CPU.Build.0 = Release|Any CPU
		{86D66C0C-0353-43D4-868E-3AD7E85D6380}.Release|Any CPU.Deploy.0 = Release|Any CPU
		{EF1D3E70-1786-4EF7-9737-A91F0F29ECAB}.Debug|Any CPU.ActiveCfg = Debug
		{EF1D3E70-1786-4EF7-9737-A91F0F29ECAB}.Release|Any CPU.ActiveCfg = Release
	EndGlobalSection
	GlobalSection(SolutionProperties) = preSolution
		HideSolutionNode = FALSE
	EndGlobalSection
EndGlobal
